github.com/bitly/go-simplejson v0.5.0 h1:6IH+V8/tVMab511d5bn4M7EwGXZf9Hj6i2xSwkNEM+Y=
github.com/bitly/go-simplejson v0.5.0/go.mod h1:cXHtHw4XUPsvGaxgjIAn8PhEWG9NfngEKAMDJEczWVA=
github.com/bmizerany/assert v0.0.0-20160611221934-b7ed37b82869 h1:DDGfHa7BWjL4YnC6+E63dPcxHo2sUxDIu8g3QgEJdRY=
github.com/bmizerany/assert v0.0.0-20160611221934-b7ed37b82869/go.mod h1:Ekp36dRnpXw/yCqJaO+ZrUyxD+3VXMFFr56k5XYrpB4=
github.com/davecgh/go-spew v1.1.0 h1:ZDRjVQ15GmhC3fiQ8ni8+OwkZQO4DARzQgrnXU1Liz8=
github.com/davecgh/go-spew v1.1.0/go.mod h1:J7Y8YcW2NihsgmVo/mv3lAwl/skON4iLHjSsI+c5H38=
github.com/golang/glog v0.0.0-20160126235308-23def4e6c14b h1:VKtxabqXZkF25pY9ekfRL6a582T4P37/31XEstQ5p58=
github.com/golang/glog v0.0.0-20160126235308-23def4e6c14b/go.mod h1:SBH7ygxi8pfUlaOkMMuAQtPIUF8ecWP5IEl/CR7VP2Q=
github.com/golang/protobuf v0.0.0-20180511221637-927b65914520/go.mod h1:6lQm79b+lXiMfvg/cZm0SGofjICqVBUtrP5yJMmIC1U=
github.com/golang/protobuf v0.0.0-20180522224251-3a3da3a4e267 h1:yohGa5fiUaf1iF9Y5HvdLyjl3HA0iuPBhAe0X0LKDqw=
github.com/golang/protobuf v0.0.0-20180522224251-3a3da3a4e267/go.mod h1:6lQm79b+lXiMfvg/cZm0SGofjICqVBUtrP5yJMmIC1U=
github.com/grafana/grafana-plugin-model v0.0.0-20190905222103-7663311f6fbc h1:2dCckjbnQeSTJUdfaIO3rhtKnAlvIbq/33QflWBOvGY=
github.com/grafana/grafana-plugin-model v0.0.0-20190905222103-7663311f6fbc/go.mod h1:61HQj0TcXe65fYyDq8Oqds/+9isXdFyZE38Dw3hTCho=
github.com/hashicorp/go-hclog v0.0.0-20180402200405-69ff559dc25f h1:t34t/ySFIGsPOLQ/dCcKeCoErlqhXlNLYvPn7mVogzo=
github.com/hashicorp/go-hclog v0.0.0-20180402200405-69ff559dc25f/go.mod h1:9bjs9uLqI8l75knNv3lV1kA55veR+WUPSiKIWcQHudI=
github.com/hashicorp/go-plugin v0.0.0-20180331002553-e8d22c780116 h1:Y4V/yReWjQo/Ngyc0w6C3EKXKincp4YgvXeo8lI4LrI=
github.com/hashicorp/go-plugin v0.0.0-20180331002553-e8d22c780116/go.mod h1:JSqWYsict+jzcj0+xElxyrBQRPNoiWQuddnxArJ7XHQ=
github.com/hashicorp/yamux v0.0.0-20181012175058-2f1d1f20f75d h1:kJCB4vdITiW1eC1vq2e6IsrXKrZit1bv/TDYFGMp4BQ=
github.com/hashicorp/yamux v0.0.0-20181012175058-2f1d1f20f75d/go.mod h1:+NfK9FKeTrX5uv1uIXGdwYDTeHna2qgaIlx54MXqjAM=
github.com/kr/pretty v0.1.0 h1:L/CwN0zerZDmRFUapSPitk6f+Q3+0za1rQkzVuMiMFI=
github.com/kr/pretty v0.1.0/go.mod h1:dAy3ld7l9f0ibDNOQOHHMYYIIbhfbHSm3C4ZsoJORNo=
github.com/kr/pty v1.1.1/go.mod h1:pFQYn66WHrOpPYNljwOMqo10TkYh1fy3cYio2l3bCsQ=
github.com/kr/text v0.1.0 h1:45sCR5RtlFHMR4UwH9sdQ5TC8v0qDQCHnXt+kaKSTVE=
github.com/kr/text v0.1.0/go.mod h1:4Jbv+DJW3UT/LiOwJeYQe1efqtUx/iVham/4vfdArNI=
github.com/mitchellh/go-testing-interface v0.0.0-20171004221916-a61a99592b77 h1:7GoSOOW2jpsfkntVKaS2rAr1TJqfcxotyaUcuxoZSzg=
github.com/mitchellh/go-testing-interface v0.0.0-20171004221916-a61a99592b77/go.mod h1:kRemZodwjscx+RGhAo8eIhFbs2+BFgRtFPeD/KE+zxI=
github.com/oklog/run v1.0.0 h1:Ru7dDtJNOyC66gQ5dQmaCa0qIsAUFY3sFpK1Xk8igrw=
github.com/oklog/run v1.0.0/go.mod h1:dlhp/R75TPv97u0XWUtDeV/lRKWPKSdTuV0TZvrmrQA=
github.com/pmezard/go-difflib v1.0.0 h1:4DBwDE0NGyQoBHbLQYPwSUPoCMWR5BEzIk/f1lZbAQM=
github.com/pmezard/go-difflib v1.0.0/go.mod h1:iKH77koFhYxTK1pcRnkKkqfTogsbg7gZNVY4sRDYZ/4=
github.com/stretchr/objx v0.1.0/go.mod h1:HFkY916IF+rwdDfMAkV7OtwuqBVzrE8GR6GFx+wExME=
github.com/stretchr/testify v1.4.0 h1:2E4SXV/wtOkTonXsotYi4li6zVWxYlZuYNCXe9XRJyk=
github.com/stretchr/testify v1.4.0/go.mod h1:j7eGeouHqKxXV5pUuKE4zz7dFj8WfuZ+81PSLYec5m4=
golang.org/x/net v0.0.0-20180511174649-2491c5de3490 h1:0Q0ESa4hjqMAXX5fW/YoKX7MlU1fWzl2ZNJrv7Yo3ZE=
golang.org/x/net v0.0.0-20180511174649-2491c5de3490/go.mod h1:mL1N/T3taQHkDXs73rZJwtUhF3w3ftmwwsq0BUmARs4=
golang.org/x/sync v0.0.0-20190423024810-112230192c58 h1:8gQV6CLnAEikrhgkHFbMAEhagSSnXWGV915qUMm9mrU=
golang.org/x/sync v0.0.0-20190423024810-112230192c58/go.mod h1:RxMgew5VJxzue5/jJTE5uejpjVlOe/izrB70Jof72aM=
golang.org/x/text v0.3.0 h1:g61tztE5qeGQ89tm6NTjjM9VPIm088od1l6aSorWRWg=
golang.org/x/text v0.3.0/go.mod h1:NqM8EUOU14njkJ3fqMW+pc6Ldnwhi/IjpwHt7yyuwOQ=
google.golang.org/genproto v0.0.0-20180514194645-7bb2a897381c h1:R3jNsirp2C5jVsB8uNG/vYmFEyzB9SLTFUwE0Wsj0B8=
google.golang.org/genproto v0.0.0-20180514194645-7bb2a897381c/go.mod h1:JiN7NxoALGmiZfu7CAH4rXhgtRTLTxftemlI0sWmxmc=
google.golang.org/grpc v1.11.1 h1:vHuLuZan9Cfwy4x2qbWq2i2HE1WR7n/KUZqcqWWkQpk=
google.golang.org/grpc v1.11.1/go.mod h1:yo6s7OP7yaDglbqo1J04qKzAhqBH6lvTonzMVmEdcZw=
gopkg.in/check.v1 v0.0.0-20161208181325-20d25e280405 h1:yhCVgyC4o1eVCa2tZl7eS0r+SDo693bJlVdllGtEeKM=
gopkg.in/check.v1 v0.0.0-20161208181325-20d25e280405/go.mod h1:Co6ibVJAznAaIkqp8huTwlJQCZ016jof/cbN4VW5Yz0=
gopkg.in/yaml.v2 v2.2.2 h1:ZCJp+EgiOT7lHqUV2J862kp8Qj64Jo6az82+3Td9dZw=
gopkg.in/yaml.v2 v2.2.2/go.mod h1:hI93XBmqTisBFMUTm0b8Fm+jr3Dg1NNxqwp+5A1VGuI=
